# This file is autogenerated, do not edit; changes may be undone by the next 'dep ensure'.


[[projects]]
  digest = "1:bd342004ef1bb83bee8709e2ad630e47a95d069f7fcb60ee1b8bceb4bbbe14ae"
  name = "github.com/gobuffalo/envy"
  packages = ["."]
  pruneopts = "UT"
  revision = "801d7253ade1f895f74596b9a96147ed2d3b087e"
  version = "v1.6.11"

[[projects]]
  branch = "master"
  digest = "1:5be646dc103073abaf80603aaec90863da3f1d3cf66342901effb9833422998b"
  name = "github.com/igorrendulic/mailgun-csv-bulk-send"
  packages = [
    "cmd",
    "mailgunsend",
    "mustache",
  ]
  pruneopts = "UT"
  revision = "e605dccc39ecc427d41e673b97d66edd1f3e9bba"

[[projects]]
  digest = "1:870d441fe217b8e689d7949fef6e43efbc787e50f200cb1e70dbca9204a1d6be"
  name = "github.com/inconshreveable/mousetrap"
  packages = ["."]
  pruneopts = "UT"
  revision = "76626ae9c91c4f2a10f34cad8ce83ea42c93bb75"
  version = "v1.0"

[[projects]]
  digest = "1:ecd9aa82687cf31d1585d4ac61d0ba180e42e8a6182b85bd785fcca8dfeefc1b"
  name = "github.com/joho/godotenv"
  packages = ["."]
  pruneopts = "UT"
  revision = "23d116af351c84513e1946b527c88823e476be13"
  version = "v1.3.0"

[[projects]]
  digest = "1:cbd169f49979ba0bc483cd418da756a21bba0081526d8af0fb0e9218deac2a08"
  name = "github.com/mailgun/mailgun-go"
  packages = ["."]
  pruneopts = "UT"
  revision = "4071f66f00fb74b08ae720f28ee9fcd98ebfd69e"
  version = "v2.0.0"

[[projects]]
  branch = "master"
  digest = "1:9f6281d8f50290ba740db82fe5be52877936e47928cd67285ab31b490c202247"
  name = "github.com/pkg/errors"
  packages = ["."]
  pruneopts = "UT"
  revision = "059132a15dd08d6704c67711dae0cf35ab991756"

[[projects]]
  digest = "1:efafa5160b1666d27e6e1ad4cd3fba27ce73aaaa1e99c3d02e14e55690a8878d"
  name = "github.com/rogpeppe/go-internal"
  packages = [
    "modfile",
    "module",
    "semver",
  ]
  pruneopts = "UT"
  revision = "d87f08a7d80821c797ffc8eb8f4e01675f378736"
  version = "v1.0.0"

[[projects]]
  digest = "1:645cabccbb4fa8aab25a956cbcbdf6a6845ca736b2c64e197ca7cbb9d210b939"
  name = "github.com/spf13/cobra"
  packages = ["."]
  pruneopts = "UT"
  revision = "ef82de70bb3f60c65fb8eebacbb2d122ef517385"
  version = "v0.0.3"

[[projects]]
  digest = "1:c1b1102241e7f645bc8e0c22ae352e8f0dc6484b6cb4d132fa9f24174e0119e2"
  name = "github.com/spf13/pflag"
  packages = ["."]
  pruneopts = "UT"
  revision = "298182f68c66c05229eb03ac171abe6e309ee79a"
  version = "v1.0.3"

[solve-meta]
  analyzer-name = "dep"
  analyzer-version = 1
  input-imports = [
    "github.com/igorrendulic/mailgun-csv-bulk-send/cmd",
    "github.com/igorrendulic/mailgun-csv-bulk-send/mailgunsend",
    "github.com/igorrendulic/mailgun-csv-bulk-send/mustache",
    "github.com/mailgun/mailgun-go",
    "github.com/spf13/cobra",
  ]
  solver-name = "gps-cdcl"
  solver-version = 1
